
Microsoft Visual Studio Solution File, Format Version 12.00
# Visual Studio Version 17
VisualStudioVersion = 17.1.32421.90
MinimumVisualStudioVersion = 10.0.40219.1
Project("{FAE04EC0-301F-11D3-BF4B-00C04F79EFBC}") = "accounting", "accounting\accounting.csproj", "{AB62B477-2B82-4025-9D96-634FC71E023D}"
EndProject
Global
	GlobalSection(SolutionConfigurationPlatforms) = preSolution
		Debug|Any CPU = Debug|Any CPU
		Release|Any CPU = Release|Any CPU
	EndGlobalSection
	GlobalSection(ProjectConfigurationPlatforms) = postSolution
		{AB62B477-2B82-4025-9D96-634FC71E023D}.Debug|Any CPU.ActiveCfg = Debug|Any CPU
		{AB62B477-2B82-4025-9D96-634FC71E023D}.Debug|Any CPU.Build.0 = Debug|Any CPU
		{AB62B477-2B82-4025-9D96-634FC71E023D}.Release|Any CPU.ActiveCfg = Release|Any CPU
		{AB62B477-2B82-4025-9D96-634FC71E023D}.Release|Any CPU.Build.0 = Release|Any CPU
	EndGlobalSection
	GlobalSection(SolutionProperties) = preSolution
		HideSolutionNode = FALSE
	EndGlobalSection
	GlobalSection(ExtensibilityGlobals) = postSolution
		SolutionGuid = {5D9EE7AF-567B-4954-AA58-69022FC0E5CF}
	EndGlobalSection
EndGlobal
